
Microsoft Visual Studio Solution File, Format Version 12.00
# Visual Studio Version 17
VisualStudioVersion = 17.14.36717.8 d17.14
MinimumVisualStudioVersion = 10.0.40219.1
Project("{FAE04EC0-301F-11D3-BF4B-00C04F79EFBC}") = "HarpEngineLDTKImporter", "HarpEngineLDTKImporter\HarpEngineLDTKImporter.csproj", "{90CD6275-D5CF-4F66-AE63-E7A8FF58ED53}"
EndProject
Project("{FAE04EC0-301F-11D3-BF4B-00C04F79EFBC}") = "HarpEngine", "..\harp-engine\HarpEngine\HarpEngine.csproj", "{F291E22D-CB1C-2753-8394-C796C4E3A8DB}"
EndProject
Global
	GlobalSection(SolutionConfigurationPlatforms) = preSolution
		Debug|Any CPU = Debug|Any CPU
		Release|Any CPU = Release|Any CPU
	EndGlobalSection
	GlobalSection(ProjectConfigurationPlatforms) = postSolution
		{90CD6275-D5CF-4F66-AE63-E7A8FF58ED53}.Debug|Any CPU.ActiveCfg = Debug|Any CPU
		{90CD6275-D5CF-4F66-AE63-E7A8FF58ED53}.Debug|Any CPU.Build.0 = Debug|Any CPU
		{90CD6275-D5CF-4F66-AE63-E7A8FF58ED53}.Release|Any CPU.ActiveCfg = Release|Any CPU
		{90CD6275-D5CF-4F66-AE63-E7A8FF58ED53}.Release|Any CPU.Build.0 = Release|Any CPU
		{F291E22D-CB1C-2753-8394-C796C4E3A8DB}.Debug|Any CPU.ActiveCfg = Debug|Any CPU
		{F291E22D-CB1C-2753-8394-C796C4E3A8DB}.Debug|Any CPU.Build.0 = Debug|Any CPU
		{F291E22D-CB1C-2753-8394-C796C4E3A8DB}.Release|Any CPU.ActiveCfg = Release|Any CPU
		{F291E22D-CB1C-2753-8394-C796C4E3A8DB}.Release|Any CPU.Build.0 = Release|Any CPU
	EndGlobalSection
	GlobalSection(SolutionProperties) = preSolution
		HideSolutionNode = FALSE
	EndGlobalSection
	GlobalSection(ExtensibilityGlobals) = postSolution
		SolutionGuid = {34E5AF5B-ADFD-4688-B1B9-A762A553B1D1}
	EndGlobalSection
EndGlobal
